
Microsoft Visual Studio Solution File, Format Version 12.00
# Visual Studio Version 17
VisualStudioVersion = 17.1.32421.90
MinimumVisualStudioVersion = 10.0.40219.1
Project("{FAE04EC0-301F-11D3-BF4B-00C04F79EFBC}") = "ProjektINZ", "ProjektINZ\ProjektINZ.csproj", "{533057A6-1BAF-450B-BADD-6426BB858BF1}"
EndProject
Project("{FAE04EC0-301F-11D3-BF4B-00C04F79EFBC}") = "KalorieOnline.Api", "KalorieOnline.Api\KalorieOnline.Api.csproj", "{63E51DAC-D406-4339-B219-18F5BD572AB7}"
EndProject
Project("{FAE04EC0-301F-11D3-BF4B-00C04F79EFBC}") = "KlalorieOnline.Models", "KlalorieOnline.Models\KlalorieOnline.Models.csproj", "{A18396EF-E10A-402E-968A-6407CEFF66DF}"
EndProject
Global
	GlobalSection(SolutionConfigurationPlatforms) = preSolution
		Debug|Any CPU = Debug|Any CPU
		Release|Any CPU = Release|Any CPU
	EndGlobalSection
	GlobalSection(ProjectConfigurationPlatforms) = postSolution
		{533057A6-1BAF-450B-BADD-6426BB858BF1}.Debug|Any CPU.ActiveCfg = Debug|Any CPU
		{533057A6-1BAF-450B-BADD-6426BB858BF1}.Debug|Any CPU.Build.0 = Debug|Any CPU
		{533057A6-1BAF-450B-BADD-6426BB858BF1}.Release|Any CPU.ActiveCfg = Release|Any CPU
		{533057A6-1BAF-450B-BADD-6426BB858BF1}.Release|Any CPU.Build.0 = Release|Any CPU
		{63E51DAC-D406-4339-B219-18F5BD572AB7}.Debug|Any CPU.ActiveCfg = Debug|Any CPU
		{63E51DAC-D406-4339-B219-18F5BD572AB7}.Debug|Any CPU.Build.0 = Debug|Any CPU
		{63E51DAC-D406-4339-B219-18F5BD572AB7}.Release|Any CPU.ActiveCfg = Release|Any CPU
		{63E51DAC-D406-4339-B219-18F5BD572AB7}.Release|Any CPU.Build.0 = Release|Any CPU
		{A18396EF-E10A-402E-968A-6407CEFF66DF}.Debug|Any CPU.ActiveCfg = Debug|Any CPU
		{A18396EF-E10A-402E-968A-6407CEFF66DF}.Debug|Any CPU.Build.0 = Debug|Any CPU
		{A18396EF-E10A-402E-968A-6407CEFF66DF}.Release|Any CPU.ActiveCfg = Release|Any CPU
		{A18396EF-E10A-402E-968A-6407CEFF66DF}.Release|Any CPU.Build.0 = Release|Any CPU
	EndGlobalSection
	GlobalSection(SolutionProperties) = preSolution
		HideSolutionNode = FALSE
	EndGlobalSection
	GlobalSection(ExtensibilityGlobals) = postSolution
		SolutionGuid = {086782A9-D133-46DC-9AB4-80FD1F98DD0E}
	EndGlobalSection
EndGlobal
